// !$*UTF8*$!
{
	archiveVersion = 1;
	classes = {
	};
	objectVersion = 56;
	objects = {

/* Begin PBXBuildFile section */
		3256EDED28DFFDAE006246E0 /* AppDelegate.swift in Sources */ = {isa = PBXBuildFile; fileRef = 3256EDEC28DFFDAE006246E0 /* AppDelegate.swift */; };
		3256EDEF28DFFDAE006246E0 /* SceneDelegate.swift in Sources */ = {isa = PBXBuildFile; fileRef = 3256EDEE28DFFDAE006246E0 /* SceneDelegate.swift */; };
		3256EDF128DFFDAE006246E0 /* ViewController.swift in Sources */ = {isa = PBXBuildFile; fileRef = 3256EDF028DFFDAE006246E0 /* ViewController.swift */; };
		3256EDF428DFFDAE006246E0 /* Main.storyboard in Resources */ = {isa = PBXBuildFile; fileRef = 3256EDF228DFFDAE006246E0 /* Main.storyboard */; };
		3256EDF628DFFDAF006246E0 /* Assets.xcassets in Resources */ = {isa = PBXBuildFile; fileRef = 3256EDF528DFFDAF006246E0 /* Assets.xcassets */; };
		3256EDF928DFFDAF006246E0 /* LaunchScreen.storyboard in Resources */ = {isa = PBXBuildFile; fileRef = 3256EDF728DFFDAF006246E0 /* LaunchScreen.storyboard */; };
		3256EE0428DFFDAF006246E0 /* MyFavoriteFoodTests.swift in Sources */ = {isa = PBXBuildFile; fileRef = 3256EE0328DFFDAF006246E0 /* MyFavoriteFoodTests.swift */; };
		3256EE0E28DFFDAF006246E0 /* MyFavoriteFoodUITests.swift in Sources */ = {isa = PBXBuildFile; fileRef = 3256EE0D28DFFDAF006246E0 /* MyFavoriteFoodUITests.swift */; };
		3256EE1028DFFDAF006246E0 /* MyFavoriteFoodUITestsLaunchTests.swift in Sources */ = {isa = PBXBuildFile; fileRef = 3256EE0F28DFFDAF006246E0 /* MyFavoriteFoodUITestsLaunchTests.swift */; };
/* End PBXBuildFile section */

/* Begin PBXContainerItemProxy section */
		3256EE0028DFFDAF006246E0 /* PBXContainerItemProxy */ = {
			isa = PBXContainerItemProxy;
			containerPortal = 3256EDE128DFFDAE006246E0 /* Project object */;
			proxyType = 1;
			remoteGlobalIDString = 3256EDE828DFFDAE006246E0;
			remoteInfo = MyFavoriteFood;
		};
		3256EE0A28DFFDAF006246E0 /* PBXContainerItemProxy */ = {
			isa = PBXContainerItemProxy;
			containerPortal = 3256EDE128DFFDAE006246E0 /* Project object */;
			proxyType = 1;
			remoteGlobalIDString = 3256EDE828DFFDAE006246E0;
			remoteInfo = MyFavoriteFood;
		};
/* End PBXContainerItemProxy section */

/* Begin PBXFileReference section */
		3256EDE928DFFDAE006246E0 /* MyFavoriteFood.app */ = {isa = PBXFileReference; explicitFileType = wrapper.application; includeInIndex = 0; path = MyFavoriteFood.app; sourceTree = BUILT_PRODUCTS_DIR; };
		3256EDEC28DFFDAE006246E0 /* AppDelegate.swift */ = {isa = PBXFileReference; lastKnownFileType = sourcecode.swift; path = AppDelegate.swift; sourceTree = "<group>"; };
		3256EDEE28DFFDAE006246E0 /* SceneDelegate.swift */ = {isa = PBXFileReference; lastKnownFileType = sourcecode.swift; path = SceneDelegate.swift; sourceTree = "<group>"; };
		3256EDF028DFFDAE006246E0 /* ViewController.swift */ = {isa = PBXFileReference; lastKnownFileType = sourcecode.swift; path = ViewController.swift; sourceTree = "<group>"; };
		3256EDF328DFFDAE006246E0 /* Base */ = {isa = PBXFileReference; lastKnownFileType = file.storyboard; name = Base; path = Base.lproj/Main.storyboard; sourceTree = "<group>"; };
		3256EDF528DFFDAF006246E0 /* Assets.xcassets */ = {isa = PBXFileReference; lastKnownFileType = folder.assetcatalog; path = Assets.xcassets; sourceTree = "<group>"; };
		3256EDF828DFFDAF006246E0 /* Base */ = {isa = PBXFileReference; lastKnownFileType = file.storyboard; name = Base; path = Base.lproj/LaunchScreen.storyboard; sourceTree = "<group>"; };
		3256EDFA28DFFDAF006246E0 /* Info.plist */ = {isa = PBXFileReference; lastKnownFileType = text.plist.xml; path = Info.plist; sourceTree = "<group>"; };
		3256EDFF28DFFDAF006246E0 /* MyFavoriteFoodTests.xctest */ = {isa = PBXFileReference; explicitFileType = wrapper.cfbundle; includeInIndex = 0; path = MyFavoriteFoodTests.xctest; sourceTree = BUILT_PRODUCTS_DIR; };
		3256EE0328DFFDAF006246E0 /* MyFavoriteFoodTests.swift */ = {isa = PBXFileReference; lastKnownFileType = sourcecode.swift; path = MyFavoriteFoodTests.swift; sourceTree = "<group>"; };
		3256EE0928DFFDAF006246E0 /* MyFavoriteFoodUITests.xctest */ = {isa = PBXFileReference; explicitFileType = wrapper.cfbundle; includeInIndex = 0; path = MyFavoriteFoodUITests.xctest; sourceTree = BUILT_PRODUCTS_DIR; };
		3256EE0D28DFFDAF006246E0 /* MyFavoriteFoodUITests.swift */ = {isa = PBXFileReference; lastKnownFileType = sourcecode.swift; path = MyFavoriteFoodUITests.swift; sourceTree = "<group>"; };
		3256EE0F28DFFDAF006246E0 /* MyFavoriteFoodUITestsLaunchTests.swift */ = {isa = PBXFileReference; lastKnownFileType = sourcecode.swift; path = MyFavoriteFoodUITestsLaunchTests.swift; sourceTree = "<group>"; };
/* End PBXFileReference section */

/* Begin PBXFrameworksBuildPhase section */
		3256EDE628DFFDAE006246E0 /* Frameworks */ = {
			isa = PBXFrameworksBuildPhase;
			buildActionMask = 2147483647;
			files = (
			);
			runOnlyForDeploymentPostprocessing = 0;
		};
		3256EDFC28DFFDAF006246E0 /* Frameworks */ = {
			isa = PBXFrameworksBuildPhase;
			buildActionMask = 2147483647;
			files = (
			);
			runOnlyForDeploymentPostprocessing = 0;
		};
		3256EE0628DFFDAF006246E0 /* Frameworks */ = {
			isa = PBXFrameworksBuildPhase;
			buildActionMask = 2147483647;
			files = (
			);
			runOnlyForDeploymentPostprocessing = 0;
		};
/* End PBXFrameworksBuildPhase section */

/* Begin PBXGroup section */
		3256EDE028DFFDAE006246E0 = {
			isa = PBXGroup;
			children = (
				3256EDEB28DFFDAE006246E0 /* MyFavoriteFood */,
				3256EE0228DFFDAF006246E0 /* MyFavoriteFoodTests */,
				3256EE0C28DFFDAF006246E0 /* MyFavoriteFoodUITests */,
				3256EDEA28DFFDAE006246E0 /* Products */,
			);
			sourceTree = "<group>";
		};
		3256EDEA28DFFDAE006246E0 /* Products */ = {
			isa = PBXGroup;
			children = (
				3256EDE928DFFDAE006246E0 /* MyFavoriteFood.app */,
				3256EDFF28DFFDAF006246E0 /* MyFavoriteFoodTests.xctest */,
				3256EE0928DFFDAF006246E0 /* MyFavoriteFoodUITests.xctest */,
			);
			name = Products;
			sourceTree = "<group>";
		};
		3256EDEB28DFFDAE006246E0 /* MyFavoriteFood */ = {
			isa = PBXGroup;
			children = (
				3256EDEC28DFFDAE006246E0 /* AppDelegate.swift */,
				3256EDEE28DFFDAE006246E0 /* SceneDelegate.swift */,
				3256EDF028DFFDAE006246E0 /* ViewController.swift */,
				3256EDF228DFFDAE006246E0 /* Main.storyboard */,
				3256EDF528DFFDAF006246E0 /* Assets.xcassets */,
				3256EDF728DFFDAF006246E0 /* LaunchScreen.storyboard */,
				3256EDFA28DFFDAF006246E0 /* Info.plist */,
			);
			path = MyFavoriteFood;
			sourceTree = "<group>";
		};
		3256EE0228DFFDAF006246E0 /* MyFavoriteFoodTests */ = {
			isa = PBXGroup;
			children = (
				3256EE0328DFFDAF006246E0 /* MyFavoriteFoodTests.swift */,
			);
			path = MyFavoriteFoodTests;
			sourceTree = "<group>";
		};
		3256EE0C28DFFDAF006246E0 /* MyFavoriteFoodUITests */ = {
			isa = PBXGroup;
			children = (
				3256EE0D28DFFDAF006246E0 /* MyFavoriteFoodUITests.swift */,
				3256EE0F28DFFDAF006246E0 /* MyFavoriteFoodUITestsLaunchTests.swift */,
			);
			path = MyFavoriteFoodUITests;
			sourceTree = "<group>";
		};
/* End PBXGroup section */

/* Begin PBXNativeTarget section */
		3256EDE828DFFDAE006246E0 /* MyFavoriteFood */ = {
			isa = PBXNativeTarget;
			buildConfigurationList = 3256EE1328DFFDAF006246E0 /* Build configuration list for PBXNativeTarget "MyFavoriteFood" */;
			buildPhases = (
				3256EDE528DFFDAE006246E0 /* Sources */,
				3256EDE628DFFDAE006246E0 /* Frameworks */,
				3256EDE728DFFDAE006246E0 /* Resources */,
			);
			buildRules = (
			);
			dependencies = (
			);
			name = MyFavoriteFood;
			productName = MyFavoriteFood;
			productReference = 3256EDE928DFFDAE006246E0 /* MyFavoriteFood.app */;
			productType = "com.apple.product-type.application";
		};
		3256EDFE28DFFDAF006246E0 /* MyFavoriteFoodTests */ = {
			isa = PBXNativeTarget;
			buildConfigurationList = 3256EE1628DFFDAF006246E0 /* Build configuration list for PBXNativeTarget "MyFavoriteFoodTests" */;
			buildPhases = (
				3256EDFB28DFFDAF006246E0 /* Sources */,
				3256EDFC28DFFDAF006246E0 /* Frameworks */,
				3256EDFD28DFFDAF006246E0 /* Resources */,
			);
			buildRules = (
			);
			dependencies = (
				3256EE0128DFFDAF006246E0 /* PBXTargetDependency */,
			);
			name = MyFavoriteFoodTests;
			productName = MyFavoriteFoodTests;
			productReference = 3256EDFF28DFFDAF006246E0 /* MyFavoriteFoodTests.xctest */;
			productType = "com.apple.product-type.bundle.unit-test";
		};
		3256EE0828DFFDAF006246E0 /* MyFavoriteFoodUITests */ = {
			isa = PBXNativeTarget;
			buildConfigurationList = 3256EE1928DFFDAF006246E0 /* Build configuration list for PBXNativeTarget "MyFavoriteFoodUITests" */;
			buildPhases = (
				3256EE0528DFFDAF006246E0 /* Sources */,
				3256EE0628DFFDAF006246E0 /* Frameworks */,
				3256EE0728DFFDAF006246E0 /* Resources */,
			);
			buildRules = (
			);
			dependencies = (
				3256EE0B28DFFDAF006246E0 /* PBXTargetDependency */,
			);
			name = MyFavoriteFoodUITests;
			productName = MyFavoriteFoodUITests;
			productReference = 3256EE0928DFFDAF006246E0 /* MyFavoriteFoodUITests.xctest */;
			productType = "com.apple.product-type.bundle.ui-testing";
		};
/* End PBXNativeTarget section */

/* Begin PBXProject section */
		3256EDE128DFFDAE006246E0 /* Project object */ = {
			isa = PBXProject;
			attributes = {
				BuildIndependentTargetsInParallel = 1;
				LastSwiftUpdateCheck = 1400;
				LastUpgradeCheck = 1400;
				TargetAttributes = {
					3256EDE828DFFDAE006246E0 = {
						CreatedOnToolsVersion = 14.0;
					};
					3256EDFE28DFFDAF006246E0 = {
						CreatedOnToolsVersion = 14.0;
						TestTargetID = 3256EDE828DFFDAE006246E0;
					};
					3256EE0828DFFDAF006246E0 = {
						CreatedOnToolsVersion = 14.0;
						TestTargetID = 3256EDE828DFFDAE006246E0;
					};
				};
			};
			buildConfigurationList = 3256EDE428DFFDAE006246E0 /* Build configuration list for PBXProject "MyFavoriteFood" */;
			compatibilityVersion = "Xcode 14.0";
			developmentRegion = en;
			hasScannedForEncodings = 0;
			knownRegions = (
				en,
				Base,
			);
			mainGroup = 3256EDE028DFFDAE006246E0;
			productRefGroup = 3256EDEA28DFFDAE006246E0 /* Products */;
			projectDirPath = "";
			projectRoot = "";
			targets = (
				3256EDE828DFFDAE006246E0 /* MyFavoriteFood */,
				3256EDFE28DFFDAF006246E0 /* MyFavoriteFoodTests */,
				3256EE0828DFFDAF006246E0 /* MyFavoriteFoodUITests */,
			);
		};
/* End PBXProject section */

/* Begin PBXResourcesBuildPhase section */
		3256EDE728DFFDAE006246E0 /* Resources */ = {
			isa = PBXResourcesBuildPhase;
			buildActionMask = 2147483647;
			files = (
				3256EDF928DFFDAF006246E0 /* LaunchScreen.storyboard in Resources */,
				3256EDF628DFFDAF006246E0 /* Assets.xcassets in Resources */,
				3256EDF428DFFDAE006246E0 /* Main.storyboard in Resources */,
			);
			runOnlyForDeploymentPostprocessing = 0;
		};
		3256EDFD28DFFDAF006246E0 /* Resources */ = {
			isa = PBXResourcesBuildPhase;
			buildActionMask = 2147483647;
			files = (
			);
			runOnlyForDeploymentPostprocessing = 0;
		};
		3256EE0728DFFDAF006246E0 /* Resources */ = {
			isa = PBXResourcesBuildPhase;
			buildActionMask = 2147483647;
			files = (
			);
			runOnlyForDeploymentPostprocessing = 0;
		};
/* End PBXResourcesBuildPhase section */

/* Begin PBXSourcesBuildPhase section */
		3256EDE528DFFDAE006246E0 /* Sources */ = {
			isa = PBXSourcesBuildPhase;
			buildActionMask = 2147483647;
			files = (
				3256EDF128DFFDAE006246E0 /* ViewController.swift in Sources */,
				3256EDED28DFFDAE006246E0 /* AppDelegate.swift in Sources */,
				3256EDEF28DFFDAE006246E0 /* SceneDelegate.swift in Sources */,
			);
			runOnlyForDeploymentPostprocessing = 0;
		};
		3256EDFB28DFFDAF006246E0 /* Sources */ = {
			isa = PBXSourcesBuildPhase;
			buildActionMask = 2147483647;
			files = (
				3256EE0428DFFDAF006246E0 /* MyFavoriteFoodTests.swift in Sources */,
			);
			runOnlyForDeploymentPostprocessing = 0;
		};
		3256EE0528DFFDAF006246E0 /* Sources */ = {
			isa = PBXSourcesBuildPhase;
			buildActionMask = 2147483647;
			files = (
				3256EE1028DFFDAF006246E0 /* MyFavoriteFoodUITestsLaunchTests.swift in Sources */,
				3256EE0E28DFFDAF006246E0 /* MyFavoriteFoodUITests.swift in Sources */,
			);
			runOnlyForDeploymentPostprocessing = 0;
		};
/* End PBXSourcesBuildPhase section */

/* Begin PBXTargetDependency section */
		3256EE0128DFFDAF006246E0 /* PBXTargetDependency */ = {
			isa = PBXTargetDependency;
			target = 3256EDE828DFFDAE006246E0 /* MyFavoriteFood */;
			targetProxy = 3256EE0028DFFDAF006246E0 /* PBXContainerItemProxy */;
		};
		3256EE0B28DFFDAF006246E0 /* PBXTargetDependency */ = {
			isa = PBXTargetDependency;
			target = 3256EDE828DFFDAE006246E0 /* MyFavoriteFood */;
			targetProxy = 3256EE0A28DFFDAF006246E0 /* PBXContainerItemProxy */;
		};
/* End PBXTargetDependency section */

/* Begin PBXVariantGroup section */
		3256EDF228DFFDAE006246E0 /* Main.storyboard */ = {
			isa = PBXVariantGroup;
			children = (
				3256EDF328DFFDAE006246E0 /* Base */,
			);
			name = Main.storyboard;
			sourceTree = "<group>";
		};
		3256EDF728DFFDAF006246E0 /* LaunchScreen.storyboard */ = {
			isa = PBXVariantGroup;
			children = (
				3256EDF828DFFDAF006246E0 /* Base */,
			);
			name = LaunchScreen.storyboard;
			sourceTree = "<group>";
		};
/* End PBXVariantGroup section */

/* Begin XCBuildConfiguration section */
		3256EE1128DFFDAF006246E0 /* Debug */ = {
			isa = XCBuildConfiguration;
			buildSettings = {
				ALWAYS_SEARCH_USER_PATHS = NO;
				CLANG_ANALYZER_NONNULL = YES;
				CLANG_ANALYZER_NUMBER_OBJECT_CONVERSION = YES_AGGRESSIVE;
				CLANG_CXX_LANGUAGE_STANDARD = "gnu++20";
				CLANG_ENABLE_MODULES = YES;
				CLANG_ENABLE_OBJC_ARC = YES;
				CLANG_ENABLE_OBJC_WEAK = YES;
				CLANG_WARN_BLOCK_CAPTURE_AUTORELEASING = YES;
				CLANG_WARN_BOOL_CONVERSION = YES;
				CLANG_WARN_COMMA = YES;
				CLANG_WARN_CONSTANT_CONVERSION = YES;
				CLANG_WARN_DEPRECATED_OBJC_IMPLEMENTATIONS = YES;
				CLANG_WARN_DIRECT_OBJC_ISA_USAGE = YES_ERROR;
				CLANG_WARN_DOCUMENTATION_COMMENTS = YES;
				CLANG_WARN_EMPTY_BODY = YES;
				CLANG_WARN_ENUM_CONVERSION = YES;
				CLANG_WARN_INFINITE_RECURSION = YES;
				CLANG_WARN_INT_CONVERSION = YES;
				CLANG_WARN_NON_LITERAL_NULL_CONVERSION = YES;
				CLANG_WARN_OBJC_IMPLICIT_RETAIN_SELF = YES;
				CLANG_WARN_OBJC_LITERAL_CONVERSION = YES;
				CLANG_WARN_OBJC_ROOT_CLASS = YES_ERROR;
				CLANG_WARN_QUOTED_INCLUDE_IN_FRAMEWORK_HEADER = YES;
				CLANG_WARN_RANGE_LOOP_ANALYSIS = YES;
				CLANG_WARN_STRICT_PROTOTYPES = YES;
				CLANG_WARN_SUSPICIOUS_MOVE = YES;
				CLANG_WARN_UNGUARDED_AVAILABILITY = YES_AGGRESSIVE;
				CLANG_WARN_UNREACHABLE_CODE = YES;
				CLANG_WARN__DUPLICATE_METHOD_MATCH = YES;
				COPY_PHASE_STRIP = NO;
				DEBUG_INFORMATION_FORMAT = dwarf;
				ENABLE_STRICT_OBJC_MSGSEND = YES;
				ENABLE_TESTABILITY = YES;
				GCC_C_LANGUAGE_STANDARD = gnu11;
				GCC_DYNAMIC_NO_PIC = NO;
				GCC_NO_COMMON_BLOCKS = YES;
				GCC_OPTIMIZATION_LEVEL = 0;
				GCC_PREPROCESSOR_DEFINITIONS = (
					"DEBUG=1",
					"$(inherited)",
				);
				GCC_WARN_64_TO_32_BIT_CONVERSION = YES;
				GCC_WARN_ABOUT_RETURN_TYPE = YES_ERROR;
				GCC_WARN_UNDECLARED_SELECTOR = YES;
				GCC_WARN_UNINITIALIZED_AUTOS = YES_AGGRESSIVE;
				GCC_WARN_UNUSED_FUNCTION = YES;
				GCC_WARN_UNUSED_VARIABLE = YES;
				IPHONEOS_DEPLOYMENT_TARGET = 16.0;
				MTL_ENABLE_DEBUG_INFO = INCLUDE_SOURCE;
				MTL_FAST_MATH = YES;
				ONLY_ACTIVE_ARCH = YES;
				SDKROOT = iphoneos;
				SWIFT_ACTIVE_COMPILATION_CONDITIONS = DEBUG;
				SWIFT_OPTIMIZATION_LEVEL = "-Onone";
			};
			name = Debug;
		};
		3256EE1228DFFDAF006246E0 /* Release */ = {
			isa = XCBuildConfiguration;
			buildSettings = {
				ALWAYS_SEARCH_USER_PATHS = NO;
				CLANG_ANALYZER_NONNULL = YES;
				CLANG_ANALYZER_NUMBER_OBJECT_CONVERSION = YES_AGGRESSIVE;
				CLANG_CXX_LANGUAGE_STANDARD = "gnu++20";
				CLANG_ENABLE_MODULES = YES;
				CLANG_ENABLE_OBJC_ARC = YES;
				CLANG_ENABLE_OBJC_WEAK = YES;
				CLANG_WARN_BLOCK_CAPTURE_AUTORELEASING = YES;
				CLANG_WARN_BOOL_CONVERSION = YES;
				CLANG_WARN_COMMA = YES;
				CLANG_WARN_CONSTANT_CONVERSION = YES;
				CLANG_WARN_DEPRECATED_OBJC_IMPLEMENTATIONS = YES;
				CLANG_WARN_DIRECT_OBJC_ISA_USAGE = YES_ERROR;
				CLANG_WARN_DOCUMENTATION_COMMENTS = YES;
				CLANG_WARN_EMPTY_BODY = YES;
				CLANG_WARN_ENUM_CONVERSION = YES;
				CLANG_WARN_INFINITE_RECURSION = YES;
				CLANG_WARN_INT_CONVERSION = YES;
				CLANG_WARN_NON_LITERAL_NULL_CONVERSION = YES;
				CLANG_WARN_OBJC_IMPLICIT_RETAIN_SELF = YES;
				CLANG_WARN_OBJC_LITERAL_CONVERSION = YES;
				CLANG_WARN_OBJC_ROOT_CLASS = YES_ERROR;
				CLANG_WARN_QUOTED_INCLUDE_IN_FRAMEWORK_HEADER = YES;
				CLANG_WARN_RANGE_LOOP_ANALYSIS = YES;
				CLANG_WARN_STRICT_PROTOTYPES = YES;
				CLANG_WARN_SUSPICIOUS_MOVE = YES;
				CLANG_WARN_UNGUARDED_AVAILABILITY = YES_AGGRESSIVE;
				CLANG_WARN_UNREACHABLE_CODE = YES;
				CLANG_WARN__DUPLICATE_METHOD_MATCH = YES;
				COPY_PHASE_STRIP = NO;
				DEBUG_INFORMATION_FORMAT = "dwarf-with-dsym";
				ENABLE_NS_ASSERTIONS = NO;
				ENABLE_STRICT_OBJC_MSGSEND = YES;
				GCC_C_LANGUAGE_STANDARD = gnu11;
				GCC_NO_COMMON_BLOCKS = YES;
				GCC_WARN_64_TO_32_BIT_CONVERSION = YES;
				GCC_WARN_ABOUT_RETURN_TYPE = YES_ERROR;
				GCC_WARN_UNDECLARED_SELECTOR = YES;
				GCC_WARN_UNINITIALIZED_AUTOS = YES_AGGRESSIVE;
				GCC_WARN_UNUSED_FUNCTION = YES;
				GCC_WARN_UNUSED_VARIABLE = YES;
				IPHONEOS_DEPLOYMENT_TARGET = 16.0;
				MTL_ENABLE_DEBUG_INFO = NO;
				MTL_FAST_MATH = YES;
				SDKROOT = iphoneos;
				SWIFT_COMPILATION_MODE = wholemodule;
				SWIFT_OPTIMIZATION_LEVEL = "-O";
				VALIDATE_PRODUCT = YES;
			};
			name = Release;
		};
		3256EE1428DFFDAF006246E0 /* Debug */ = {
			isa = XCBuildConfiguration;
			buildSettings = {
				ASSETCATALOG_COMPILER_APPICON_NAME = AppIcon;
				ASSETCATALOG_COMPILER_GLOBAL_ACCENT_COLOR_NAME = AccentColor;
				CODE_SIGN_STYLE = Automatic;
				CURRENT_PROJECT_VERSION = 1;
				GENERATE_INFOPLIST_FILE = YES;
				INFOPLIST_FILE = MyFavoriteFood/Info.plist;
				INFOPLIST_KEY_UIApplicationSupportsIndirectInputEvents = YES;
				INFOPLIST_KEY_UILaunchStoryboardName = LaunchScreen;
				INFOPLIST_KEY_UIMainStoryboardFile = Main;
				INFOPLIST_KEY_UISupportedInterfaceOrientations_iPad = "UIInterfaceOrientationPortrait UIInterfaceOrientationPortraitUpsideDown UIInterfaceOrientationLandscapeLeft UIInterfaceOrientationLandscapeRight";
				INFOPLIST_KEY_UISupportedInterfaceOrientations_iPhone = "UIInterfaceOrientationPortrait UIInterfaceOrientationLandscapeLeft UIInterfaceOrientationLandscapeRight";
				LD_RUNPATH_SEARCH_PATHS = (
					"$(inherited)",
					"@executable_path/Frameworks",
				);
				MARKETING_VERSION = 1.0;
				PRODUCT_BUNDLE_IDENTIFIER = INFO.6350.MyFavoriteFood;
				PRODUCT_NAME = "$(TARGET_NAME)";
				SWIFT_EMIT_LOC_STRINGS = YES;
				SWIFT_VERSION = 5.0;
				TARGETED_DEVICE_FAMILY = "1,2";
			};
			name = Debug;
		};
		3256EE1528DFFDAF006246E0 /* Release */ = {
			isa = XCBuildConfiguration;
			buildSettings = {
				ASSETCATALOG_COMPILER_APPICON_NAME = AppIcon;
				ASSETCATALOG_COMPILER_GLOBAL_ACCENT_COLOR_NAME = AccentColor;
				CODE_SIGN_STYLE = Automatic;
				CURRENT_PROJECT_VERSION = 1;
				GENERATE_INFOPLIST_FILE = YES;
				INFOPLIST_FILE = MyFavoriteFood/Info.plist;
				INFOPLIST_KEY_UIApplicationSupportsIndirectInputEvents = YES;
				INFOPLIST_KEY_UILaunchStoryboardName = LaunchScreen;
				INFOPLIST_KEY_UIMainStoryboardFile = Main;
				INFOPLIST_KEY_UISupportedInterfaceOrientations_iPad = "UIInterfaceOrientationPortrait UIInterfaceOrientationPortraitUpsideDown UIInterfaceOrientationLandscapeLeft UIInterfaceOrientationLandscapeRight";
				INFOPLIST_KEY_UISupportedInterfaceOrientations_iPhone = "UIInterfaceOrientationPortrait UIInterfaceOrientationLandscapeLeft UIInterfaceOrientationLandscapeRight";
				LD_RUNPATH_SEARCH_PATHS = (
					"$(inherited)",
					"@executable_path/Frameworks",
				);
				MARKETING_VERSION = 1.0;
				PRODUCT_BUNDLE_IDENTIFIER = INFO.6350.MyFavoriteFood;
				PRODUCT_NAME = "$(TARGET_NAME)";
				SWIFT_EMIT_LOC_STRINGS = YES;
				SWIFT_VERSION = 5.0;
				TARGETED_DEVICE_FAMILY = "1,2";
			};
			name = Release;
		};
		3256EE1728DFFDAF006246E0 /* Debug */ = {
			isa = XCBuildConfiguration;
			buildSettings = {
				ALWAYS_EMBED_SWIFT_STANDARD_LIBRARIES = YES;
				BUNDLE_LOADER = "$(TEST_HOST)";
				CODE_SIGN_STYLE = Automatic;
				CURRENT_PROJECT_VERSION = 1;
				GENERATE_INFOPLIST_FILE = YES;
				IPHONEOS_DEPLOYMENT_TARGET = 16.0;
				MARKETING_VERSION = 1.0;
				PRODUCT_BUNDLE_IDENTIFIER = INFO.6350.MyFavoriteFoodTests;
				PRODUCT_NAME = "$(TARGET_NAME)";
				SWIFT_EMIT_LOC_STRINGS = NO;
				SWIFT_VERSION = 5.0;
				TARGETED_DEVICE_FAMILY = "1,2";
				TEST_HOST = "$(BUILT_PRODUCTS_DIR)/MyFavoriteFood.app/$(BUNDLE_EXECUTABLE_FOLDER_PATH)/MyFavoriteFood";
			};
			name = Debug;
		};
		3256EE1828DFFDAF006246E0 /* Release */ = {
			isa = XCBuildConfiguration;
			buildSettings = {
				ALWAYS_EMBED_SWIFT_STANDARD_LIBRARIES = YES;
				BUNDLE_LOADER = "$(TEST_HOST)";
				CODE_SIGN_STYLE = Automatic;
				CURRENT_PROJECT_VERSION = 1;
				GENERATE_INFOPLIST_FILE = YES;
				IPHONEOS_DEPLOYMENT_TARGET = 16.0;
				MARKETING_VERSION = 1.0;
				PRODUCT_BUNDLE_IDENTIFIER = INFO.6350.MyFavoriteFoodTests;
				PRODUCT_NAME = "$(TARGET_NAME)";
				SWIFT_EMIT_LOC_STRINGS = NO;
				SWIFT_VERSION = 5.0;
				TARGETED_DEVICE_FAMILY = "1,2";
				TEST_HOST = "$(BUILT_PRODUCTS_DIR)/MyFavoriteFood.app/$(BUNDLE_EXECUTABLE_FOLDER_PATH)/MyFavoriteFood";
			};
			name = Release;
		};
		3256EE1A28DFFDAF006246E0 /* Debug */ = {
			isa = XCBuildConfiguration;
			buildSettings = {
				ALWAYS_EMBED_SWIFT_STANDARD_LIBRARIES = YES;
				CODE_SIGN_STYLE = Automatic;
				CURRENT_PROJECT_VERSION = 1;
				GENERATE_INFOPLIST_FILE = YES;
				MARKETING_VERSION = 1.0;
				PRODUCT_BUNDLE_IDENTIFIER = INFO.6350.MyFavoriteFoodUITests;
				PRODUCT_NAME = "$(TARGET_NAME)";
				SWIFT_EMIT_LOC_STRINGS = NO;
				SWIFT_VERSION = 5.0;
				TARGETED_DEVICE_FAMILY = "1,2";
				TEST_TARGET_NAME = MyFavoriteFood;
			};
			name = Debug;
		};
		3256EE1B28DFFDAF006246E0 /* Release */ = {
			isa = XCBuildConfiguration;
			buildSettings = {
				ALWAYS_EMBED_SWIFT_STANDARD_LIBRARIES = YES;
				CODE_SIGN_STYLE = Automatic;
				CURRENT_PROJECT_VERSION = 1;
				GENERATE_INFOPLIST_FILE = YES;
				MARKETING_VERSION = 1.0;
				PRODUCT_BUNDLE_IDENTIFIER = INFO.6350.MyFavoriteFoodUITests;
				PRODUCT_NAME = "$(TARGET_NAME)";
				SWIFT_EMIT_LOC_STRINGS = NO;
				SWIFT_VERSION = 5.0;
				TARGETED_DEVICE_FAMILY = "1,2";
				TEST_TARGET_NAME = MyFavoriteFood;
			};
			name = Release;
		};
/* End XCBuildConfiguration section */

/* Begin XCConfigurationList section */
		3256EDE428DFFDAE006246E0 /* Build configuration list for PBXProject "MyFavoriteFood" */ = {
			isa = XCConfigurationList;
			buildConfigurations = (
				3256EE1128DFFDAF006246E0 /* Debug */,
				3256EE1228DFFDAF006246E0 /* Release */,
			);
			defaultConfigurationIsVisible = 0;
			defaultConfigurationName = Release;
		};
		3256EE1328DFFDAF006246E0 /* Build configuration list for PBXNativeTarget "MyFavoriteFood" */ = {
			isa = XCConfigurationList;
			buildConfigurations = (
				3256EE1428DFFDAF006246E0 /* Debug */,
				3256EE1528DFFDAF006246E0 /* Release */,
			);
			defaultConfigurationIsVisible = 0;
			defaultConfigurationName = Release;
		};
		3256EE1628DFFDAF006246E0 /* Build configuration list for PBXNativeTarget "MyFavoriteFoodTests" */ = {
			isa = XCConfigurationList;
			buildConfigurations = (
				3256EE1728DFFDAF006246E0 /* Debug */,
				3256EE1828DFFDAF006246E0 /* Release */,
			);
			defaultConfigurationIsVisible = 0;
			defaultConfigurationName = Release;
		};
		3256EE1928DFFDAF006246E0 /* Build configuration list for PBXNativeTarget "MyFavoriteFoodUITests" */ = {
			isa = XCConfigurationList;
			buildConfigurations = (
				3256EE1A28DFFDAF006246E0 /* Debug */,
				3256EE1B28DFFDAF006246E0 /* Release */,
			);
			defaultConfigurationIsVisible = 0;
			defaultConfigurationName = Release;
		};
/* End XCConfigurationList section */
	};
	rootObject = 3256EDE128DFFDAE006246E0 /* Project object */;
}
