// !$*UTF8*$!
{
	archiveVersion = 1;
	classes = {
	};
	objectVersion = 56;
	objects = {

/* Begin PBXBuildFile section */
		3233A93428EB94CB00B120F9 /* AppDelegate.swift in Sources */ = {isa = PBXBuildFile; fileRef = 3233A93328EB94CB00B120F9 /* AppDelegate.swift */; };
		3233A93628EB94CB00B120F9 /* SceneDelegate.swift in Sources */ = {isa = PBXBuildFile; fileRef = 3233A93528EB94CB00B120F9 /* SceneDelegate.swift */; };
		3233A93828EB94CB00B120F9 /* ViewController.swift in Sources */ = {isa = PBXBuildFile; fileRef = 3233A93728EB94CB00B120F9 /* ViewController.swift */; };
		3233A93B28EB94CB00B120F9 /* Main.storyboard in Resources */ = {isa = PBXBuildFile; fileRef = 3233A93928EB94CB00B120F9 /* Main.storyboard */; };
		3233A93D28EB94CC00B120F9 /* Assets.xcassets in Resources */ = {isa = PBXBuildFile; fileRef = 3233A93C28EB94CC00B120F9 /* Assets.xcassets */; };
		3233A94028EB94CC00B120F9 /* LaunchScreen.storyboard in Resources */ = {isa = PBXBuildFile; fileRef = 3233A93E28EB94CC00B120F9 /* LaunchScreen.storyboard */; };
		3233A94B28EB94CC00B120F9 /* TouristPlacesAppTests.swift in Sources */ = {isa = PBXBuildFile; fileRef = 3233A94A28EB94CC00B120F9 /* TouristPlacesAppTests.swift */; };
		3233A95528EB94CD00B120F9 /* TouristPlacesAppUITests.swift in Sources */ = {isa = PBXBuildFile; fileRef = 3233A95428EB94CD00B120F9 /* TouristPlacesAppUITests.swift */; };
		3233A95728EB94CD00B120F9 /* TouristPlacesAppUITestsLaunchTests.swift in Sources */ = {isa = PBXBuildFile; fileRef = 3233A95628EB94CD00B120F9 /* TouristPlacesAppUITestsLaunchTests.swift */; };
		3233A96528EB970300B120F9 /* TouristTableViewCell.swift in Sources */ = {isa = PBXBuildFile; fileRef = 3233A96328EB970300B120F9 /* TouristTableViewCell.swift */; };
		3233A96628EB970300B120F9 /* TouristTableViewCell.xib in Resources */ = {isa = PBXBuildFile; fileRef = 3233A96428EB970300B120F9 /* TouristTableViewCell.xib */; };
/* End PBXBuildFile section */

/* Begin PBXContainerItemProxy section */
		3233A94728EB94CC00B120F9 /* PBXContainerItemProxy */ = {
			isa = PBXContainerItemProxy;
			containerPortal = 3233A92828EB94CB00B120F9 /* Project object */;
			proxyType = 1;
			remoteGlobalIDString = 3233A92F28EB94CB00B120F9;
			remoteInfo = TouristPlacesApp;
		};
		3233A95128EB94CD00B120F9 /* PBXContainerItemProxy */ = {
			isa = PBXContainerItemProxy;
			containerPortal = 3233A92828EB94CB00B120F9 /* Project object */;
			proxyType = 1;
			remoteGlobalIDString = 3233A92F28EB94CB00B120F9;
			remoteInfo = TouristPlacesApp;
		};
/* End PBXContainerItemProxy section */

/* Begin PBXFileReference section */
		3233A93028EB94CB00B120F9 /* TouristPlacesApp.app */ = {isa = PBXFileReference; explicitFileType = wrapper.application; includeInIndex = 0; path = TouristPlacesApp.app; sourceTree = BUILT_PRODUCTS_DIR; };
		3233A93328EB94CB00B120F9 /* AppDelegate.swift */ = {isa = PBXFileReference; lastKnownFileType = sourcecode.swift; path = AppDelegate.swift; sourceTree = "<group>"; };
		3233A93528EB94CB00B120F9 /* SceneDelegate.swift */ = {isa = PBXFileReference; lastKnownFileType = sourcecode.swift; path = SceneDelegate.swift; sourceTree = "<group>"; };
		3233A93728EB94CB00B120F9 /* ViewController.swift */ = {isa = PBXFileReference; lastKnownFileType = sourcecode.swift; path = ViewController.swift; sourceTree = "<group>"; };
		3233A93A28EB94CB00B120F9 /* Base */ = {isa = PBXFileReference; lastKnownFileType = file.storyboard; name = Base; path = Base.lproj/Main.storyboard; sourceTree = "<group>"; };
		3233A93C28EB94CC00B120F9 /* Assets.xcassets */ = {isa = PBXFileReference; lastKnownFileType = folder.assetcatalog; path = Assets.xcassets; sourceTree = "<group>"; };
		3233A93F28EB94CC00B120F9 /* Base */ = {isa = PBXFileReference; lastKnownFileType = file.storyboard; name = Base; path = Base.lproj/LaunchScreen.storyboard; sourceTree = "<group>"; };
		3233A94128EB94CC00B120F9 /* Info.plist */ = {isa = PBXFileReference; lastKnownFileType = text.plist.xml; path = Info.plist; sourceTree = "<group>"; };
		3233A94628EB94CC00B120F9 /* TouristPlacesAppTests.xctest */ = {isa = PBXFileReference; explicitFileType = wrapper.cfbundle; includeInIndex = 0; path = TouristPlacesAppTests.xctest; sourceTree = BUILT_PRODUCTS_DIR; };
		3233A94A28EB94CC00B120F9 /* TouristPlacesAppTests.swift */ = {isa = PBXFileReference; lastKnownFileType = sourcecode.swift; path = TouristPlacesAppTests.swift; sourceTree = "<group>"; };
		3233A95028EB94CD00B120F9 /* TouristPlacesAppUITests.xctest */ = {isa = PBXFileReference; explicitFileType = wrapper.cfbundle; includeInIndex = 0; path = TouristPlacesAppUITests.xctest; sourceTree = BUILT_PRODUCTS_DIR; };
		3233A95428EB94CD00B120F9 /* TouristPlacesAppUITests.swift */ = {isa = PBXFileReference; lastKnownFileType = sourcecode.swift; path = TouristPlacesAppUITests.swift; sourceTree = "<group>"; };
		3233A95628EB94CD00B120F9 /* TouristPlacesAppUITestsLaunchTests.swift */ = {isa = PBXFileReference; lastKnownFileType = sourcecode.swift; path = TouristPlacesAppUITestsLaunchTests.swift; sourceTree = "<group>"; };
		3233A96328EB970300B120F9 /* TouristTableViewCell.swift */ = {isa = PBXFileReference; lastKnownFileType = sourcecode.swift; path = TouristTableViewCell.swift; sourceTree = "<group>"; };
		3233A96428EB970300B120F9 /* TouristTableViewCell.xib */ = {isa = PBXFileReference; lastKnownFileType = file.xib; path = TouristTableViewCell.xib; sourceTree = "<group>"; };
/* End PBXFileReference section */

/* Begin PBXFrameworksBuildPhase section */
		3233A92D28EB94CB00B120F9 /* Frameworks */ = {
			isa = PBXFrameworksBuildPhase;
			buildActionMask = 2147483647;
			files = (
			);
			runOnlyForDeploymentPostprocessing = 0;
		};
		3233A94328EB94CC00B120F9 /* Frameworks */ = {
			isa = PBXFrameworksBuildPhase;
			buildActionMask = 2147483647;
			files = (
			);
			runOnlyForDeploymentPostprocessing = 0;
		};
		3233A94D28EB94CD00B120F9 /* Frameworks */ = {
			isa = PBXFrameworksBuildPhase;
			buildActionMask = 2147483647;
			files = (
			);
			runOnlyForDeploymentPostprocessing = 0;
		};
/* End PBXFrameworksBuildPhase section */

/* Begin PBXGroup section */
		3233A92728EB94CB00B120F9 = {
			isa = PBXGroup;
			children = (
				3233A93228EB94CB00B120F9 /* TouristPlacesApp */,
				3233A94928EB94CC00B120F9 /* TouristPlacesAppTests */,
				3233A95328EB94CD00B120F9 /* TouristPlacesAppUITests */,
				3233A93128EB94CB00B120F9 /* Products */,
			);
			sourceTree = "<group>";
		};
		3233A93128EB94CB00B120F9 /* Products */ = {
			isa = PBXGroup;
			children = (
				3233A93028EB94CB00B120F9 /* TouristPlacesApp.app */,
				3233A94628EB94CC00B120F9 /* TouristPlacesAppTests.xctest */,
				3233A95028EB94CD00B120F9 /* TouristPlacesAppUITests.xctest */,
			);
			name = Products;
			sourceTree = "<group>";
		};
		3233A93228EB94CB00B120F9 /* TouristPlacesApp */ = {
			isa = PBXGroup;
			children = (
				3233A93328EB94CB00B120F9 /* AppDelegate.swift */,
				3233A93528EB94CB00B120F9 /* SceneDelegate.swift */,
				3233A93728EB94CB00B120F9 /* ViewController.swift */,
				3233A93928EB94CB00B120F9 /* Main.storyboard */,
				3233A93C28EB94CC00B120F9 /* Assets.xcassets */,
				3233A93E28EB94CC00B120F9 /* LaunchScreen.storyboard */,
				3233A94128EB94CC00B120F9 /* Info.plist */,
				3233A96328EB970300B120F9 /* TouristTableViewCell.swift */,
				3233A96428EB970300B120F9 /* TouristTableViewCell.xib */,
			);
			path = TouristPlacesApp;
			sourceTree = "<group>";
		};
		3233A94928EB94CC00B120F9 /* TouristPlacesAppTests */ = {
			isa = PBXGroup;
			children = (
				3233A94A28EB94CC00B120F9 /* TouristPlacesAppTests.swift */,
			);
			path = TouristPlacesAppTests;
			sourceTree = "<group>";
		};
		3233A95328EB94CD00B120F9 /* TouristPlacesAppUITests */ = {
			isa = PBXGroup;
			children = (
				3233A95428EB94CD00B120F9 /* TouristPlacesAppUITests.swift */,
				3233A95628EB94CD00B120F9 /* TouristPlacesAppUITestsLaunchTests.swift */,
			);
			path = TouristPlacesAppUITests;
			sourceTree = "<group>";
		};
/* End PBXGroup section */

/* Begin PBXNativeTarget section */
		3233A92F28EB94CB00B120F9 /* TouristPlacesApp */ = {
			isa = PBXNativeTarget;
			buildConfigurationList = 3233A95A28EB94CD00B120F9 /* Build configuration list for PBXNativeTarget "TouristPlacesApp" */;
			buildPhases = (
				3233A92C28EB94CB00B120F9 /* Sources */,
				3233A92D28EB94CB00B120F9 /* Frameworks */,
				3233A92E28EB94CB00B120F9 /* Resources */,
			);
			buildRules = (
			);
			dependencies = (
			);
			name = TouristPlacesApp;
			productName = TouristPlacesApp;
			productReference = 3233A93028EB94CB00B120F9 /* TouristPlacesApp.app */;
			productType = "com.apple.product-type.application";
		};
		3233A94528EB94CC00B120F9 /* TouristPlacesAppTests */ = {
			isa = PBXNativeTarget;
			buildConfigurationList = 3233A95D28EB94CD00B120F9 /* Build configuration list for PBXNativeTarget "TouristPlacesAppTests" */;
			buildPhases = (
				3233A94228EB94CC00B120F9 /* Sources */,
				3233A94328EB94CC00B120F9 /* Frameworks */,
				3233A94428EB94CC00B120F9 /* Resources */,
			);
			buildRules = (
			);
			dependencies = (
				3233A94828EB94CC00B120F9 /* PBXTargetDependency */,
			);
			name = TouristPlacesAppTests;
			productName = TouristPlacesAppTests;
			productReference = 3233A94628EB94CC00B120F9 /* TouristPlacesAppTests.xctest */;
			productType = "com.apple.product-type.bundle.unit-test";
		};
		3233A94F28EB94CD00B120F9 /* TouristPlacesAppUITests */ = {
			isa = PBXNativeTarget;
			buildConfigurationList = 3233A96028EB94CD00B120F9 /* Build configuration list for PBXNativeTarget "TouristPlacesAppUITests" */;
			buildPhases = (
				3233A94C28EB94CD00B120F9 /* Sources */,
				3233A94D28EB94CD00B120F9 /* Frameworks */,
				3233A94E28EB94CD00B120F9 /* Resources */,
			);
			buildRules = (
			);
			dependencies = (
				3233A95228EB94CD00B120F9 /* PBXTargetDependency */,
			);
			name = TouristPlacesAppUITests;
			productName = TouristPlacesAppUITests;
			productReference = 3233A95028EB94CD00B120F9 /* TouristPlacesAppUITests.xctest */;
			productType = "com.apple.product-type.bundle.ui-testing";
		};
/* End PBXNativeTarget section */

/* Begin PBXProject section */
		3233A92828EB94CB00B120F9 /* Project object */ = {
			isa = PBXProject;
			attributes = {
				BuildIndependentTargetsInParallel = 1;
				LastSwiftUpdateCheck = 1400;
				LastUpgradeCheck = 1400;
				TargetAttributes = {
					3233A92F28EB94CB00B120F9 = {
						CreatedOnToolsVersion = 14.0;
					};
					3233A94528EB94CC00B120F9 = {
						CreatedOnToolsVersion = 14.0;
						TestTargetID = 3233A92F28EB94CB00B120F9;
					};
					3233A94F28EB94CD00B120F9 = {
						CreatedOnToolsVersion = 14.0;
						TestTargetID = 3233A92F28EB94CB00B120F9;
					};
				};
			};
			buildConfigurationList = 3233A92B28EB94CB00B120F9 /* Build configuration list for PBXProject "TouristPlacesApp" */;
			compatibilityVersion = "Xcode 14.0";
			developmentRegion = en;
			hasScannedForEncodings = 0;
			knownRegions = (
				en,
				Base,
			);
			mainGroup = 3233A92728EB94CB00B120F9;
			productRefGroup = 3233A93128EB94CB00B120F9 /* Products */;
			projectDirPath = "";
			projectRoot = "";
			targets = (
				3233A92F28EB94CB00B120F9 /* TouristPlacesApp */,
				3233A94528EB94CC00B120F9 /* TouristPlacesAppTests */,
				3233A94F28EB94CD00B120F9 /* TouristPlacesAppUITests */,
			);
		};
/* End PBXProject section */

/* Begin PBXResourcesBuildPhase section */
		3233A92E28EB94CB00B120F9 /* Resources */ = {
			isa = PBXResourcesBuildPhase;
			buildActionMask = 2147483647;
			files = (
				3233A94028EB94CC00B120F9 /* LaunchScreen.storyboard in Resources */,
				3233A93D28EB94CC00B120F9 /* Assets.xcassets in Resources */,
				3233A96628EB970300B120F9 /* TouristTableViewCell.xib in Resources */,
				3233A93B28EB94CB00B120F9 /* Main.storyboard in Resources */,
			);
			runOnlyForDeploymentPostprocessing = 0;
		};
		3233A94428EB94CC00B120F9 /* Resources */ = {
			isa = PBXResourcesBuildPhase;
			buildActionMask = 2147483647;
			files = (
			);
			runOnlyForDeploymentPostprocessing = 0;
		};
		3233A94E28EB94CD00B120F9 /* Resources */ = {
			isa = PBXResourcesBuildPhase;
			buildActionMask = 2147483647;
			files = (
			);
			runOnlyForDeploymentPostprocessing = 0;
		};
/* End PBXResourcesBuildPhase section */

/* Begin PBXSourcesBuildPhase section */
		3233A92C28EB94CB00B120F9 /* Sources */ = {
			isa = PBXSourcesBuildPhase;
			buildActionMask = 2147483647;
			files = (
				3233A93828EB94CB00B120F9 /* ViewController.swift in Sources */,
				3233A93428EB94CB00B120F9 /* AppDelegate.swift in Sources */,
				3233A96528EB970300B120F9 /* TouristTableViewCell.swift in Sources */,
				3233A93628EB94CB00B120F9 /* SceneDelegate.swift in Sources */,
			);
			runOnlyForDeploymentPostprocessing = 0;
		};
		3233A94228EB94CC00B120F9 /* Sources */ = {
			isa = PBXSourcesBuildPhase;
			buildActionMask = 2147483647;
			files = (
				3233A94B28EB94CC00B120F9 /* TouristPlacesAppTests.swift in Sources */,
			);
			runOnlyForDeploymentPostprocessing = 0;
		};
		3233A94C28EB94CD00B120F9 /* Sources */ = {
			isa = PBXSourcesBuildPhase;
			buildActionMask = 2147483647;
			files = (
				3233A95528EB94CD00B120F9 /* TouristPlacesAppUITests.swift in Sources */,
				3233A95728EB94CD00B120F9 /* TouristPlacesAppUITestsLaunchTests.swift in Sources */,
			);
			runOnlyForDeploymentPostprocessing = 0;
		};
/* End PBXSourcesBuildPhase section */

/* Begin PBXTargetDependency section */
		3233A94828EB94CC00B120F9 /* PBXTargetDependency */ = {
			isa = PBXTargetDependency;
			target = 3233A92F28EB94CB00B120F9 /* TouristPlacesApp */;
			targetProxy = 3233A94728EB94CC00B120F9 /* PBXContainerItemProxy */;
		};
		3233A95228EB94CD00B120F9 /* PBXTargetDependency */ = {
			isa = PBXTargetDependency;
			target = 3233A92F28EB94CB00B120F9 /* TouristPlacesApp */;
			targetProxy = 3233A95128EB94CD00B120F9 /* PBXContainerItemProxy */;
		};
/* End PBXTargetDependency section */

/* Begin PBXVariantGroup section */
		3233A93928EB94CB00B120F9 /* Main.storyboard */ = {
			isa = PBXVariantGroup;
			children = (
				3233A93A28EB94CB00B120F9 /* Base */,
			);
			name = Main.storyboard;
			sourceTree = "<group>";
		};
		3233A93E28EB94CC00B120F9 /* LaunchScreen.storyboard */ = {
			isa = PBXVariantGroup;
			children = (
				3233A93F28EB94CC00B120F9 /* Base */,
			);
			name = LaunchScreen.storyboard;
			sourceTree = "<group>";
		};
/* End PBXVariantGroup section */

/* Begin XCBuildConfiguration section */
		3233A95828EB94CD00B120F9 /* Debug */ = {
			isa = XCBuildConfiguration;
			buildSettings = {
				ALWAYS_SEARCH_USER_PATHS = NO;
				CLANG_ANALYZER_NONNULL = YES;
				CLANG_ANALYZER_NUMBER_OBJECT_CONVERSION = YES_AGGRESSIVE;
				CLANG_CXX_LANGUAGE_STANDARD = "gnu++20";
				CLANG_ENABLE_MODULES = YES;
				CLANG_ENABLE_OBJC_ARC = YES;
				CLANG_ENABLE_OBJC_WEAK = YES;
				CLANG_WARN_BLOCK_CAPTURE_AUTORELEASING = YES;
				CLANG_WARN_BOOL_CONVERSION = YES;
				CLANG_WARN_COMMA = YES;
				CLANG_WARN_CONSTANT_CONVERSION = YES;
				CLANG_WARN_DEPRECATED_OBJC_IMPLEMENTATIONS = YES;
				CLANG_WARN_DIRECT_OBJC_ISA_USAGE = YES_ERROR;
				CLANG_WARN_DOCUMENTATION_COMMENTS = YES;
				CLANG_WARN_EMPTY_BODY = YES;
				CLANG_WARN_ENUM_CONVERSION = YES;
				CLANG_WARN_INFINITE_RECURSION = YES;
				CLANG_WARN_INT_CONVERSION = YES;
				CLANG_WARN_NON_LITERAL_NULL_CONVERSION = YES;
				CLANG_WARN_OBJC_IMPLICIT_RETAIN_SELF = YES;
				CLANG_WARN_OBJC_LITERAL_CONVERSION = YES;
				CLANG_WARN_OBJC_ROOT_CLASS = YES_ERROR;
				CLANG_WARN_QUOTED_INCLUDE_IN_FRAMEWORK_HEADER = YES;
				CLANG_WARN_RANGE_LOOP_ANALYSIS = YES;
				CLANG_WARN_STRICT_PROTOTYPES = YES;
				CLANG_WARN_SUSPICIOUS_MOVE = YES;
				CLANG_WARN_UNGUARDED_AVAILABILITY = YES_AGGRESSIVE;
				CLANG_WARN_UNREACHABLE_CODE = YES;
				CLANG_WARN__DUPLICATE_METHOD_MATCH = YES;
				COPY_PHASE_STRIP = NO;
				DEBUG_INFORMATION_FORMAT = dwarf;
				ENABLE_STRICT_OBJC_MSGSEND = YES;
				ENABLE_TESTABILITY = YES;
				GCC_C_LANGUAGE_STANDARD = gnu11;
				GCC_DYNAMIC_NO_PIC = NO;
				GCC_NO_COMMON_BLOCKS = YES;
				GCC_OPTIMIZATION_LEVEL = 0;
				GCC_PREPROCESSOR_DEFINITIONS = (
					"DEBUG=1",
					"$(inherited)",
				);
				GCC_WARN_64_TO_32_BIT_CONVERSION = YES;
				GCC_WARN_ABOUT_RETURN_TYPE = YES_ERROR;
				GCC_WARN_UNDECLARED_SELECTOR = YES;
				GCC_WARN_UNINITIALIZED_AUTOS = YES_AGGRESSIVE;
				GCC_WARN_UNUSED_FUNCTION = YES;
				GCC_WARN_UNUSED_VARIABLE = YES;
				IPHONEOS_DEPLOYMENT_TARGET = 16.0;
				MTL_ENABLE_DEBUG_INFO = INCLUDE_SOURCE;
				MTL_FAST_MATH = YES;
				ONLY_ACTIVE_ARCH = YES;
				SDKROOT = iphoneos;
				SWIFT_ACTIVE_COMPILATION_CONDITIONS = DEBUG;
				SWIFT_OPTIMIZATION_LEVEL = "-Onone";
			};
			name = Debug;
		};
		3233A95928EB94CD00B120F9 /* Release */ = {
			isa = XCBuildConfiguration;
			buildSettings = {
				ALWAYS_SEARCH_USER_PATHS = NO;
				CLANG_ANALYZER_NONNULL = YES;
				CLANG_ANALYZER_NUMBER_OBJECT_CONVERSION = YES_AGGRESSIVE;
				CLANG_CXX_LANGUAGE_STANDARD = "gnu++20";
				CLANG_ENABLE_MODULES = YES;
				CLANG_ENABLE_OBJC_ARC = YES;
				CLANG_ENABLE_OBJC_WEAK = YES;
				CLANG_WARN_BLOCK_CAPTURE_AUTORELEASING = YES;
				CLANG_WARN_BOOL_CONVERSION = YES;
				CLANG_WARN_COMMA = YES;
				CLANG_WARN_CONSTANT_CONVERSION = YES;
				CLANG_WARN_DEPRECATED_OBJC_IMPLEMENTATIONS = YES;
				CLANG_WARN_DIRECT_OBJC_ISA_USAGE = YES_ERROR;
				CLANG_WARN_DOCUMENTATION_COMMENTS = YES;
				CLANG_WARN_EMPTY_BODY = YES;
				CLANG_WARN_ENUM_CONVERSION = YES;
				CLANG_WARN_INFINITE_RECURSION = YES;
				CLANG_WARN_INT_CONVERSION = YES;
				CLANG_WARN_NON_LITERAL_NULL_CONVERSION = YES;
				CLANG_WARN_OBJC_IMPLICIT_RETAIN_SELF = YES;
				CLANG_WARN_OBJC_LITERAL_CONVERSION = YES;
				CLANG_WARN_OBJC_ROOT_CLASS = YES_ERROR;
				CLANG_WARN_QUOTED_INCLUDE_IN_FRAMEWORK_HEADER = YES;
				CLANG_WARN_RANGE_LOOP_ANALYSIS = YES;
				CLANG_WARN_STRICT_PROTOTYPES = YES;
				CLANG_WARN_SUSPICIOUS_MOVE = YES;
				CLANG_WARN_UNGUARDED_AVAILABILITY = YES_AGGRESSIVE;
				CLANG_WARN_UNREACHABLE_CODE = YES;
				CLANG_WARN__DUPLICATE_METHOD_MATCH = YES;
				COPY_PHASE_STRIP = NO;
				DEBUG_INFORMATION_FORMAT = "dwarf-with-dsym";
				ENABLE_NS_ASSERTIONS = NO;
				ENABLE_STRICT_OBJC_MSGSEND = YES;
				GCC_C_LANGUAGE_STANDARD = gnu11;
				GCC_NO_COMMON_BLOCKS = YES;
				GCC_WARN_64_TO_32_BIT_CONVERSION = YES;
				GCC_WARN_ABOUT_RETURN_TYPE = YES_ERROR;
				GCC_WARN_UNDECLARED_SELECTOR = YES;
				GCC_WARN_UNINITIALIZED_AUTOS = YES_AGGRESSIVE;
				GCC_WARN_UNUSED_FUNCTION = YES;
				GCC_WARN_UNUSED_VARIABLE = YES;
				IPHONEOS_DEPLOYMENT_TARGET = 16.0;
				MTL_ENABLE_DEBUG_INFO = NO;
				MTL_FAST_MATH = YES;
				SDKROOT = iphoneos;
				SWIFT_COMPILATION_MODE = wholemodule;
				SWIFT_OPTIMIZATION_LEVEL = "-O";
				VALIDATE_PRODUCT = YES;
			};
			name = Release;
		};
		3233A95B28EB94CD00B120F9 /* Debug */ = {
			isa = XCBuildConfiguration;
			buildSettings = {
				ASSETCATALOG_COMPILER_APPICON_NAME = AppIcon;
				ASSETCATALOG_COMPILER_GLOBAL_ACCENT_COLOR_NAME = AccentColor;
				CODE_SIGN_STYLE = Automatic;
				CURRENT_PROJECT_VERSION = 1;
				GENERATE_INFOPLIST_FILE = YES;
				INFOPLIST_FILE = TouristPlacesApp/Info.plist;
				INFOPLIST_KEY_UIApplicationSupportsIndirectInputEvents = YES;
				INFOPLIST_KEY_UILaunchStoryboardName = LaunchScreen;
				INFOPLIST_KEY_UIMainStoryboardFile = Main;
				INFOPLIST_KEY_UISupportedInterfaceOrientations_iPad = "UIInterfaceOrientationPortrait UIInterfaceOrientationPortraitUpsideDown UIInterfaceOrientationLandscapeLeft UIInterfaceOrientationLandscapeRight";
				INFOPLIST_KEY_UISupportedInterfaceOrientations_iPhone = "UIInterfaceOrientationPortrait UIInterfaceOrientationLandscapeLeft UIInterfaceOrientationLandscapeRight";
				LD_RUNPATH_SEARCH_PATHS = (
					"$(inherited)",
					"@executable_path/Frameworks",
				);
				MARKETING_VERSION = 1.0;
				PRODUCT_BUNDLE_IDENTIFIER = INFO.6350.TouristPlacesApp;
				PRODUCT_NAME = "$(TARGET_NAME)";
				SWIFT_EMIT_LOC_STRINGS = YES;
				SWIFT_VERSION = 5.0;
				TARGETED_DEVICE_FAMILY = "1,2";
			};
			name = Debug;
		};
		3233A95C28EB94CD00B120F9 /* Release */ = {
			isa = XCBuildConfiguration;
			buildSettings = {
				ASSETCATALOG_COMPILER_APPICON_NAME = AppIcon;
				ASSETCATALOG_COMPILER_GLOBAL_ACCENT_COLOR_NAME = AccentColor;
				CODE_SIGN_STYLE = Automatic;
				CURRENT_PROJECT_VERSION = 1;
				GENERATE_INFOPLIST_FILE = YES;
				INFOPLIST_FILE = TouristPlacesApp/Info.plist;
				INFOPLIST_KEY_UIApplicationSupportsIndirectInputEvents = YES;
				INFOPLIST_KEY_UILaunchStoryboardName = LaunchScreen;
				INFOPLIST_KEY_UIMainStoryboardFile = Main;
				INFOPLIST_KEY_UISupportedInterfaceOrientations_iPad = "UIInterfaceOrientationPortrait UIInterfaceOrientationPortraitUpsideDown UIInterfaceOrientationLandscapeLeft UIInterfaceOrientationLandscapeRight";
				INFOPLIST_KEY_UISupportedInterfaceOrientations_iPhone = "UIInterfaceOrientationPortrait UIInterfaceOrientationLandscapeLeft UIInterfaceOrientationLandscapeRight";
				LD_RUNPATH_SEARCH_PATHS = (
					"$(inherited)",
					"@executable_path/Frameworks",
				);
				MARKETING_VERSION = 1.0;
				PRODUCT_BUNDLE_IDENTIFIER = INFO.6350.TouristPlacesApp;
				PRODUCT_NAME = "$(TARGET_NAME)";
				SWIFT_EMIT_LOC_STRINGS = YES;
				SWIFT_VERSION = 5.0;
				TARGETED_DEVICE_FAMILY = "1,2";
			};
			name = Release;
		};
		3233A95E28EB94CD00B120F9 /* Debug */ = {
			isa = XCBuildConfiguration;
			buildSettings = {
				ALWAYS_EMBED_SWIFT_STANDARD_LIBRARIES = YES;
				BUNDLE_LOADER = "$(TEST_HOST)";
				CODE_SIGN_STYLE = Automatic;
				CURRENT_PROJECT_VERSION = 1;
				GENERATE_INFOPLIST_FILE = YES;
				IPHONEOS_DEPLOYMENT_TARGET = 16.0;
				MARKETING_VERSION = 1.0;
				PRODUCT_BUNDLE_IDENTIFIER = INFO.6350.TouristPlacesAppTests;
				PRODUCT_NAME = "$(TARGET_NAME)";
				SWIFT_EMIT_LOC_STRINGS = NO;
				SWIFT_VERSION = 5.0;
				TARGETED_DEVICE_FAMILY = "1,2";
				TEST_HOST = "$(BUILT_PRODUCTS_DIR)/TouristPlacesApp.app/$(BUNDLE_EXECUTABLE_FOLDER_PATH)/TouristPlacesApp";
			};
			name = Debug;
		};
		3233A95F28EB94CD00B120F9 /* Release */ = {
			isa = XCBuildConfiguration;
			buildSettings = {
				ALWAYS_EMBED_SWIFT_STANDARD_LIBRARIES = YES;
				BUNDLE_LOADER = "$(TEST_HOST)";
				CODE_SIGN_STYLE = Automatic;
				CURRENT_PROJECT_VERSION = 1;
				GENERATE_INFOPLIST_FILE = YES;
				IPHONEOS_DEPLOYMENT_TARGET = 16.0;
				MARKETING_VERSION = 1.0;
				PRODUCT_BUNDLE_IDENTIFIER = INFO.6350.TouristPlacesAppTests;
				PRODUCT_NAME = "$(TARGET_NAME)";
				SWIFT_EMIT_LOC_STRINGS = NO;
				SWIFT_VERSION = 5.0;
				TARGETED_DEVICE_FAMILY = "1,2";
				TEST_HOST = "$(BUILT_PRODUCTS_DIR)/TouristPlacesApp.app/$(BUNDLE_EXECUTABLE_FOLDER_PATH)/TouristPlacesApp";
			};
			name = Release;
		};
		3233A96128EB94CD00B120F9 /* Debug */ = {
			isa = XCBuildConfiguration;
			buildSettings = {
				ALWAYS_EMBED_SWIFT_STANDARD_LIBRARIES = YES;
				CODE_SIGN_STYLE = Automatic;
				CURRENT_PROJECT_VERSION = 1;
				GENERATE_INFOPLIST_FILE = YES;
				MARKETING_VERSION = 1.0;
				PRODUCT_BUNDLE_IDENTIFIER = INFO.6350.TouristPlacesAppUITests;
				PRODUCT_NAME = "$(TARGET_NAME)";
				SWIFT_EMIT_LOC_STRINGS = NO;
				SWIFT_VERSION = 5.0;
				TARGETED_DEVICE_FAMILY = "1,2";
				TEST_TARGET_NAME = TouristPlacesApp;
			};
			name = Debug;
		};
		3233A96228EB94CD00B120F9 /* Release */ = {
			isa = XCBuildConfiguration;
			buildSettings = {
				ALWAYS_EMBED_SWIFT_STANDARD_LIBRARIES = YES;
				CODE_SIGN_STYLE = Automatic;
				CURRENT_PROJECT_VERSION = 1;
				GENERATE_INFOPLIST_FILE = YES;
				MARKETING_VERSION = 1.0;
				PRODUCT_BUNDLE_IDENTIFIER = INFO.6350.TouristPlacesAppUITests;
				PRODUCT_NAME = "$(TARGET_NAME)";
				SWIFT_EMIT_LOC_STRINGS = NO;
				SWIFT_VERSION = 5.0;
				TARGETED_DEVICE_FAMILY = "1,2";
				TEST_TARGET_NAME = TouristPlacesApp;
			};
			name = Release;
		};
/* End XCBuildConfiguration section */

/* Begin XCConfigurationList section */
		3233A92B28EB94CB00B120F9 /* Build configuration list for PBXProject "TouristPlacesApp" */ = {
			isa = XCConfigurationList;
			buildConfigurations = (
				3233A95828EB94CD00B120F9 /* Debug */,
				3233A95928EB94CD00B120F9 /* Release */,
			);
			defaultConfigurationIsVisible = 0;
			defaultConfigurationName = Release;
		};
		3233A95A28EB94CD00B120F9 /* Build configuration list for PBXNativeTarget "TouristPlacesApp" */ = {
			isa = XCConfigurationList;
			buildConfigurations = (
				3233A95B28EB94CD00B120F9 /* Debug */,
				3233A95C28EB94CD00B120F9 /* Release */,
			);
			defaultConfigurationIsVisible = 0;
			defaultConfigurationName = Release;
		};
		3233A95D28EB94CD00B120F9 /* Build configuration list for PBXNativeTarget "TouristPlacesAppTests" */ = {
			isa = XCConfigurationList;
			buildConfigurations = (
				3233A95E28EB94CD00B120F9 /* Debug */,
				3233A95F28EB94CD00B120F9 /* Release */,
			);
			defaultConfigurationIsVisible = 0;
			defaultConfigurationName = Release;
		};
		3233A96028EB94CD00B120F9 /* Build configuration list for PBXNativeTarget "TouristPlacesAppUITests" */ = {
			isa = XCConfigurationList;
			buildConfigurations = (
				3233A96128EB94CD00B120F9 /* Debug */,
				3233A96228EB94CD00B120F9 /* Release */,
			);
			defaultConfigurationIsVisible = 0;
			defaultConfigurationName = Release;
		};
/* End XCConfigurationList section */
	};
	rootObject = 3233A92828EB94CB00B120F9 /* Project object */;
}
